
Microsoft Visual Studio Solution File, Format Version 12.00
# Visual Studio Version 17
VisualStudioVersion = 17.7.34202.233
MinimumVisualStudioVersion = 10.0.40219.1
Project("{FAE04EC0-301F-11D3-BF4B-00C04F79EFBC}") = "CoreMVCDataTransfer_0", "CoreMVCDataTransfer_0\CoreMVCDataTransfer_0.csproj", "{C561475B-5789-4C6E-B9B3-A47F33E3070F}"
EndProject
Global
	GlobalSection(SolutionConfigurationPlatforms) = preSolution
		Debug|Any CPU = Debug|Any CPU
		Release|Any CPU = Release|Any CPU
	EndGlobalSection
	GlobalSection(ProjectConfigurationPlatforms) = postSolution
		{C561475B-5789-4C6E-B9B3-A47F33E3070F}.Debug|Any CPU.ActiveCfg = Debug|Any CPU
		{C561475B-5789-4C6E-B9B3-A47F33E3070F}.Debug|Any CPU.Build.0 = Debug|Any CPU
		{C561475B-5789-4C6E-B9B3-A47F33E3070F}.Release|Any CPU.ActiveCfg = Release|Any CPU
		{C561475B-5789-4C6E-B9B3-A47F33E3070F}.Release|Any CPU.Build.0 = Release|Any CPU
	EndGlobalSection
	GlobalSection(SolutionProperties) = preSolution
		HideSolutionNode = FALSE
	EndGlobalSection
	GlobalSection(ExtensibilityGlobals) = postSolution
		SolutionGuid = {73CB91C1-A154-4133-8564-3E6FCA9B6ACF}
	EndGlobalSection
EndGlobal
